
Microsoft Visual Studio Solution File, Format Version 12.00
# Visual Studio Version 17
VisualStudioVersion = 17.7.34202.233
MinimumVisualStudioVersion = 10.0.40219.1
Project("{FAE04EC0-301F-11D3-BF4B-00C04F79EFBC}") = "BimPathfinder", "BimPathfinder.csproj", "{C17C933A-73C0-4B79-ABF4-34D174B37876}"
EndProject
Global
	GlobalSection(SolutionConfigurationPlatforms) = preSolution
		Debug|Any CPU = Debug|Any CPU
		Debug|x64 = Debug|x64
		Release|Any CPU = Release|Any CPU
		Release|x64 = Release|x64
	EndGlobalSection
	GlobalSection(ProjectConfigurationPlatforms) = postSolution
		{C17C933A-73C0-4B79-ABF4-34D174B37876}.Debug|Any CPU.ActiveCfg = Debug|Any CPU
		{C17C933A-73C0-4B79-ABF4-34D174B37876}.Debug|Any CPU.Build.0 = Debug|Any CPU
		{C17C933A-73C0-4B79-ABF4-34D174B37876}.Debug|x64.ActiveCfg = Debug|x64
		{C17C933A-73C0-4B79-ABF4-34D174B37876}.Debug|x64.Build.0 = Debug|x64
		{C17C933A-73C0-4B79-ABF4-34D174B37876}.Release|Any CPU.ActiveCfg = Release|Any CPU
		{C17C933A-73C0-4B79-ABF4-34D174B37876}.Release|Any CPU.Build.0 = Release|Any CPU
		{C17C933A-73C0-4B79-ABF4-34D174B37876}.Release|x64.ActiveCfg = Release|x64
		{C17C933A-73C0-4B79-ABF4-34D174B37876}.Release|x64.Build.0 = Release|x64
	EndGlobalSection
	GlobalSection(SolutionProperties) = preSolution
		HideSolutionNode = FALSE
	EndGlobalSection
	GlobalSection(ExtensibilityGlobals) = postSolution
		SolutionGuid = {F285F1CD-FC0A-4FE4-9FA4-CFF622D1EAEE}
	EndGlobalSection
EndGlobal
